
Microsoft Visual Studio Solution File, Format Version 12.00
# Visual Studio Version 17
VisualStudioVersion = 17.7.33927.210
MinimumVisualStudioVersion = 10.0.40219.1
Project("{9A19103F-16F7-4668-BE54-9A1E7A4F7556}") = "Crosslight.Examples.Translate", "Crosslight.Examples.Translate.csproj", "{CC7D5895-F97B-40FC-AC26-4E7E54342FB6}"
EndProject
Project("{9A19103F-16F7-4668-BE54-9A1E7A4F7556}") = "Crosslight", "..\..\..\libs\csharp\common\Crosslight.csproj", "{5CC5C3AE-E7AD-4F1B-BC05-2C702CC74392}"
EndProject
Global
	GlobalSection(SolutionConfigurationPlatforms) = preSolution
		Debug|Any CPU = Debug|Any CPU
		Release|Any CPU = Release|Any CPU
	EndGlobalSection
	GlobalSection(ProjectConfigurationPlatforms) = postSolution
		{CC7D5895-F97B-40FC-AC26-4E7E54342FB6}.Debug|Any CPU.ActiveCfg = Debug|Any CPU
		{CC7D5895-F97B-40FC-AC26-4E7E54342FB6}.Debug|Any CPU.Build.0 = Debug|Any CPU
		{CC7D5895-F97B-40FC-AC26-4E7E54342FB6}.Release|Any CPU.ActiveCfg = Release|Any CPU
		{CC7D5895-F97B-40FC-AC26-4E7E54342FB6}.Release|Any CPU.Build.0 = Release|Any CPU
		{5CC5C3AE-E7AD-4F1B-BC05-2C702CC74392}.Debug|Any CPU.ActiveCfg = Debug|Any CPU
		{5CC5C3AE-E7AD-4F1B-BC05-2C702CC74392}.Debug|Any CPU.Build.0 = Debug|Any CPU
		{5CC5C3AE-E7AD-4F1B-BC05-2C702CC74392}.Release|Any CPU.ActiveCfg = Release|Any CPU
		{5CC5C3AE-E7AD-4F1B-BC05-2C702CC74392}.Release|Any CPU.Build.0 = Release|Any CPU
	EndGlobalSection
	GlobalSection(SolutionProperties) = preSolution
		HideSolutionNode = FALSE
	EndGlobalSection
	GlobalSection(ExtensibilityGlobals) = postSolution
		SolutionGuid = {9E880221-287A-4E1B-957A-416BD92C038C}
	EndGlobalSection
EndGlobal
